
Microsoft Visual Studio Solution File, Format Version 12.00
# Visual Studio 2012
Project("{FAE04EC0-301F-11D3-BF4B-00C04F79EFBC}") = "SlaCalculation", "SlaCalculation\SlaCalculation.csproj", "{47745DF3-505F-49AA-A0DD-1507AADA60CB}"
EndProject
Project("{FAE04EC0-301F-11D3-BF4B-00C04F79EFBC}") = "SlaCalculation.Tests", "SlaCalculation.Tests\SlaCalculation.Tests.csproj", "{9A207BD3-2878-4F04-88F6-8637470B1C18}"
EndProject
Project("{F088123C-0E9E-452A-89E6-6BA2F21D5CAC}") = "SlaCalculationModelingProject", "SlaCalculationModelingProject\SlaCalculationModelingProject.modelproj", "{2F5DAAFD-85F0-4A99-9C39-A5AC4ADD6573}"
EndProject
Global
	GlobalSection(SolutionConfigurationPlatforms) = preSolution
		Debug|Any CPU = Debug|Any CPU
		Release|Any CPU = Release|Any CPU
	EndGlobalSection
	GlobalSection(ProjectConfigurationPlatforms) = postSolution
		{2F5DAAFD-85F0-4A99-9C39-A5AC4ADD6573}.Debug|Any CPU.ActiveCfg = Debug|Any CPU
		{2F5DAAFD-85F0-4A99-9C39-A5AC4ADD6573}.Debug|Any CPU.Build.0 = Debug|Any CPU
		{2F5DAAFD-85F0-4A99-9C39-A5AC4ADD6573}.Release|Any CPU.ActiveCfg = Release|Any CPU
		{2F5DAAFD-85F0-4A99-9C39-A5AC4ADD6573}.Release|Any CPU.Build.0 = Release|Any CPU
		{47745DF3-505F-49AA-A0DD-1507AADA60CB}.Debug|Any CPU.ActiveCfg = Debug|Any CPU
		{47745DF3-505F-49AA-A0DD-1507AADA60CB}.Debug|Any CPU.Build.0 = Debug|Any CPU
		{47745DF3-505F-49AA-A0DD-1507AADA60CB}.Release|Any CPU.ActiveCfg = Release|Any CPU
		{47745DF3-505F-49AA-A0DD-1507AADA60CB}.Release|Any CPU.Build.0 = Release|Any CPU
		{9A207BD3-2878-4F04-88F6-8637470B1C18}.Debug|Any CPU.ActiveCfg = Debug|Any CPU
		{9A207BD3-2878-4F04-88F6-8637470B1C18}.Debug|Any CPU.Build.0 = Debug|Any CPU
		{9A207BD3-2878-4F04-88F6-8637470B1C18}.Release|Any CPU.ActiveCfg = Release|Any CPU
		{9A207BD3-2878-4F04-88F6-8637470B1C18}.Release|Any CPU.Build.0 = Release|Any CPU
	EndGlobalSection
	GlobalSection(SolutionProperties) = preSolution
		HideSolutionNode = FALSE
	EndGlobalSection
EndGlobal
